// !$*UTF8*$!
{
	archiveVersion = 1;
	classes = {
	};
	objectVersion = 46;
	objects = {

/* Begin PBXBuildFile section */
		6166DFE41B1903DA00C059FC /* AppDelegate.swift in Sources */ = {isa = PBXBuildFile; fileRef = 6166DFE31B1903DA00C059FC /* AppDelegate.swift */; };
		6166DFE71B1903DA00C059FC /* AdaptiveLayout.xcdatamodeld in Sources */ = {isa = PBXBuildFile; fileRef = 6166DFE51B1903DA00C059FC /* AdaptiveLayout.xcdatamodeld */; };
		6166DFE91B1903DA00C059FC /* ViewController.swift in Sources */ = {isa = PBXBuildFile; fileRef = 6166DFE81B1903DA00C059FC /* ViewController.swift */; };
		6166DFEC1B1903DA00C059FC /* Main.storyboard in Resources */ = {isa = PBXBuildFile; fileRef = 6166DFEA1B1903DA00C059FC /* Main.storyboard */; };
		6166DFEE1B1903DA00C059FC /* Images.xcassets in Resources */ = {isa = PBXBuildFile; fileRef = 6166DFED1B1903DA00C059FC /* Images.xcassets */; };
		6166DFF11B1903DA00C059FC /* LaunchScreen.xib in Resources */ = {isa = PBXBuildFile; fileRef = 6166DFEF1B1903DA00C059FC /* LaunchScreen.xib */; };
		6166DFFD1B1903DA00C059FC /* AdaptiveLayoutTests.swift in Sources */ = {isa = PBXBuildFile; fileRef = 6166DFFC1B1903DA00C059FC /* AdaptiveLayoutTests.swift */; };
/* End PBXBuildFile section */

/* Begin PBXContainerItemProxy section */
		6166DFF71B1903DA00C059FC /* PBXContainerItemProxy */ = {
			isa = PBXContainerItemProxy;
			containerPortal = 6166DFD61B1903DA00C059FC /* Project object */;
			proxyType = 1;
			remoteGlobalIDString = 6166DFDD1B1903DA00C059FC;
			remoteInfo = AdaptiveLayout;
		};
/* End PBXContainerItemProxy section */

/* Begin PBXFileReference section */
		6166DFDE1B1903DA00C059FC /* AdaptiveLayout.app */ = {isa = PBXFileReference; explicitFileType = wrapper.application; includeInIndex = 0; path = AdaptiveLayout.app; sourceTree = BUILT_PRODUCTS_DIR; };
		6166DFE21B1903DA00C059FC /* Info.plist */ = {isa = PBXFileReference; lastKnownFileType = text.plist.xml; path = Info.plist; sourceTree = "<group>"; };
		6166DFE31B1903DA00C059FC /* AppDelegate.swift */ = {isa = PBXFileReference; lastKnownFileType = sourcecode.swift; path = AppDelegate.swift; sourceTree = "<group>"; };
		6166DFE61B1903DA00C059FC /* AdaptiveLayout.xcdatamodel */ = {isa = PBXFileReference; lastKnownFileType = wrapper.xcdatamodel; path = AdaptiveLayout.xcdatamodel; sourceTree = "<group>"; };
		6166DFE81B1903DA00C059FC /* ViewController.swift */ = {isa = PBXFileReference; lastKnownFileType = sourcecode.swift; path = ViewController.swift; sourceTree = "<group>"; };
		6166DFEB1B1903DA00C059FC /* Base */ = {isa = PBXFileReference; lastKnownFileType = file.storyboard; name = Base; path = Base.lproj/Main.storyboard; sourceTree = "<group>"; };
		6166DFED1B1903DA00C059FC /* Images.xcassets */ = {isa = PBXFileReference; lastKnownFileType = folder.assetcatalog; path = Images.xcassets; sourceTree = "<group>"; };
		6166DFF01B1903DA00C059FC /* Base */ = {isa = PBXFileReference; lastKnownFileType = file.xib; name = Base; path = Base.lproj/LaunchScreen.xib; sourceTree = "<group>"; };
		6166DFF61B1903DA00C059FC /* AdaptiveLayoutTests.xctest */ = {isa = PBXFileReference; explicitFileType = wrapper.cfbundle; includeInIndex = 0; path = AdaptiveLayoutTests.xctest; sourceTree = BUILT_PRODUCTS_DIR; };
		6166DFFB1B1903DA00C059FC /* Info.plist */ = {isa = PBXFileReference; lastKnownFileType = text.plist.xml; path = Info.plist; sourceTree = "<group>"; };
		6166DFFC1B1903DA00C059FC /* AdaptiveLayoutTests.swift */ = {isa = PBXFileReference; lastKnownFileType = sourcecode.swift; path = AdaptiveLayoutTests.swift; sourceTree = "<group>"; };
/* End PBXFileReference section */

/* Begin PBXFrameworksBuildPhase section */
		6166DFDB1B1903DA00C059FC /* Frameworks */ = {
			isa = PBXFrameworksBuildPhase;
			buildActionMask = 2147483647;
			files = (
			);
			runOnlyForDeploymentPostprocessing = 0;
		};
		6166DFF31B1903DA00C059FC /* Frameworks */ = {
			isa = PBXFrameworksBuildPhase;
			buildActionMask = 2147483647;
			files = (
			);
			runOnlyForDeploymentPostprocessing = 0;
		};
/* End PBXFrameworksBuildPhase section */

/* Begin PBXGroup section */
		6166DFD51B1903DA00C059FC = {
			isa = PBXGroup;
			children = (
				6166DFE01B1903DA00C059FC /* AdaptiveLayout */,
				6166DFF91B1903DA00C059FC /* AdaptiveLayoutTests */,
				6166DFDF1B1903DA00C059FC /* Products */,
			);
			sourceTree = "<group>";
		};
		6166DFDF1B1903DA00C059FC /* Products */ = {
			isa = PBXGroup;
			children = (
				6166DFDE1B1903DA00C059FC /* AdaptiveLayout.app */,
				6166DFF61B1903DA00C059FC /* AdaptiveLayoutTests.xctest */,
			);
			name = Products;
			sourceTree = "<group>";
		};
		6166DFE01B1903DA00C059FC /* AdaptiveLayout */ = {
			isa = PBXGroup;
			children = (
				6166DFE31B1903DA00C059FC /* AppDelegate.swift */,
				6166DFE81B1903DA00C059FC /* ViewController.swift */,
				6166DFEA1B1903DA00C059FC /* Main.storyboard */,
				6166DFED1B1903DA00C059FC /* Images.xcassets */,
				6166DFEF1B1903DA00C059FC /* LaunchScreen.xib */,
				6166DFE51B1903DA00C059FC /* AdaptiveLayout.xcdatamodeld */,
				6166DFE11B1903DA00C059FC /* Supporting Files */,
			);
			path = AdaptiveLayout;
			sourceTree = "<group>";
		};
		6166DFE11B1903DA00C059FC /* Supporting Files */ = {
			isa = PBXGroup;
			children = (
				6166DFE21B1903DA00C059FC /* Info.plist */,
			);
			name = "Supporting Files";
			sourceTree = "<group>";
		};
		6166DFF91B1903DA00C059FC /* AdaptiveLayoutTests */ = {
			isa = PBXGroup;
			children = (
				6166DFFC1B1903DA00C059FC /* AdaptiveLayoutTests.swift */,
				6166DFFA1B1903DA00C059FC /* Supporting Files */,
			);
			path = AdaptiveLayoutTests;
			sourceTree = "<group>";
		};
		6166DFFA1B1903DA00C059FC /* Supporting Files */ = {
			isa = PBXGroup;
			children = (
				6166DFFB1B1903DA00C059FC /* Info.plist */,
			);
			name = "Supporting Files";
			sourceTree = "<group>";
		};
/* End PBXGroup section */

/* Begin PBXNativeTarget section */
		6166DFDD1B1903DA00C059FC /* AdaptiveLayout */ = {
			isa = PBXNativeTarget;
			buildConfigurationList = 6166E0001B1903DA00C059FC /* Build configuration list for PBXNativeTarget "AdaptiveLayout" */;
			buildPhases = (
				6166DFDA1B1903DA00C059FC /* Sources */,
				6166DFDB1B1903DA00C059FC /* Frameworks */,
				6166DFDC1B1903DA00C059FC /* Resources */,
			);
			buildRules = (
			);
			dependencies = (
			);
			name = AdaptiveLayout;
			productName = AdaptiveLayout;
			productReference = 6166DFDE1B1903DA00C059FC /* AdaptiveLayout.app */;
			productType = "com.apple.product-type.application";
		};
		6166DFF51B1903DA00C059FC /* AdaptiveLayoutTests */ = {
			isa = PBXNativeTarget;
			buildConfigurationList = 6166E0031B1903DA00C059FC /* Build configuration list for PBXNativeTarget "AdaptiveLayoutTests" */;
			buildPhases = (
				6166DFF21B1903DA00C059FC /* Sources */,
				6166DFF31B1903DA00C059FC /* Frameworks */,
				6166DFF41B1903DA00C059FC /* Resources */,
			);
			buildRules = (
			);
			dependencies = (
				6166DFF81B1903DA00C059FC /* PBXTargetDependency */,
			);
			name = AdaptiveLayoutTests;
			productName = AdaptiveLayoutTests;
			productReference = 6166DFF61B1903DA00C059FC /* AdaptiveLayoutTests.xctest */;
			productType = "com.apple.product-type.bundle.unit-test";
		};
/* End PBXNativeTarget section */

/* Begin PBXProject section */
		6166DFD61B1903DA00C059FC /* Project object */ = {
			isa = PBXProject;
			attributes = {
				LastUpgradeCheck = 0630;
				ORGANIZATIONNAME = hector;
				TargetAttributes = {
					6166DFDD1B1903DA00C059FC = {
						CreatedOnToolsVersion = 6.3.1;
					};
					6166DFF51B1903DA00C059FC = {
						CreatedOnToolsVersion = 6.3.1;
						TestTargetID = 6166DFDD1B1903DA00C059FC;
					};
				};
			};
			buildConfigurationList = 6166DFD91B1903DA00C059FC /* Build configuration list for PBXProject "AdaptiveLayout" */;
			compatibilityVersion = "Xcode 3.2";
			developmentRegion = English;
			hasScannedForEncodings = 0;
			knownRegions = (
				en,
				Base,
			);
			mainGroup = 6166DFD51B1903DA00C059FC;
			productRefGroup = 6166DFDF1B1903DA00C059FC /* Products */;
			projectDirPath = "";
			projectRoot = "";
			targets = (
				6166DFDD1B1903DA00C059FC /* AdaptiveLayout */,
				6166DFF51B1903DA00C059FC /* AdaptiveLayoutTests */,
			);
		};
/* End PBXProject section */

/* Begin PBXResourcesBuildPhase section */
		6166DFDC1B1903DA00C059FC /* Resources */ = {
			isa = PBXResourcesBuildPhase;
			buildActionMask = 2147483647;
			files = (
				6166DFEC1B1903DA00C059FC /* Main.storyboard in Resources */,
				6166DFF11B1903DA00C059FC /* LaunchScreen.xib in Resources */,
				6166DFEE1B1903DA00C059FC /* Images.xcassets in Resources */,
			);
			runOnlyForDeploymentPostprocessing = 0;
		};
		6166DFF41B1903DA00C059FC /* Resources */ = {
			isa = PBXResourcesBuildPhase;
			buildActionMask = 2147483647;
			files = (
			);
			runOnlyForDeploymentPostprocessing = 0;
		};
/* End PBXResourcesBuildPhase section */

/* Begin PBXSourcesBuildPhase section */
		6166DFDA1B1903DA00C059FC /* Sources */ = {
			isa = PBXSourcesBuildPhase;
			buildActionMask = 2147483647;
			files = (
				6166DFE91B1903DA00C059FC /* ViewController.swift in Sources */,
				6166DFE41B1903DA00C059FC /* AppDelegate.swift in Sources */,
				6166DFE71B1903DA00C059FC /* AdaptiveLayout.xcdatamodeld in Sources */,
			);
			runOnlyForDeploymentPostprocessing = 0;
		};
		6166DFF21B1903DA00C059FC /* Sources */ = {
			isa = PBXSourcesBuildPhase;
			buildActionMask = 2147483647;
			files = (
				6166DFFD1B1903DA00C059FC /* AdaptiveLayoutTests.swift in Sources */,
			);
			runOnlyForDeploymentPostprocessing = 0;
		};
/* End PBXSourcesBuildPhase section */

/* Begin PBXTargetDependency section */
		6166DFF81B1903DA00C059FC /* PBXTargetDependency */ = {
			isa = PBXTargetDependency;
			target = 6166DFDD1B1903DA00C059FC /* AdaptiveLayout */;
			targetProxy = 6166DFF71B1903DA00C059FC /* PBXContainerItemProxy */;
		};
/* End PBXTargetDependency section */

/* Begin PBXVariantGroup section */
		6166DFEA1B1903DA00C059FC /* Main.storyboard */ = {
			isa = PBXVariantGroup;
			children = (
				6166DFEB1B1903DA00C059FC /* Base */,
			);
			name = Main.storyboard;
			sourceTree = "<group>";
		};
		6166DFEF1B1903DA00C059FC /* LaunchScreen.xib */ = {
			isa = PBXVariantGroup;
			children = (
				6166DFF01B1903DA00C059FC /* Base */,
			);
			name = LaunchScreen.xib;
			sourceTree = "<group>";
		};
/* End PBXVariantGroup section */

/* Begin XCBuildConfiguration section */
		6166DFFE1B1903DA00C059FC /* Debug */ = {
			isa = XCBuildConfiguration;
			buildSettings = {
				ALWAYS_SEARCH_USER_PATHS = NO;
				CLANG_CXX_LANGUAGE_STANDARD = "gnu++0x";
				CLANG_CXX_LIBRARY = "libc++";
				CLANG_ENABLE_MODULES = YES;
				CLANG_ENABLE_OBJC_ARC = YES;
				CLANG_WARN_BOOL_CONVERSION = YES;
				CLANG_WARN_CONSTANT_CONVERSION = YES;
				CLANG_WARN_DIRECT_OBJC_ISA_USAGE = YES_ERROR;
				CLANG_WARN_EMPTY_BODY = YES;
				CLANG_WARN_ENUM_CONVERSION = YES;
				CLANG_WARN_INT_CONVERSION = YES;
				CLANG_WARN_OBJC_ROOT_CLASS = YES_ERROR;
				CLANG_WARN_UNREACHABLE_CODE = YES;
				CLANG_WARN__DUPLICATE_METHOD_MATCH = YES;
				"CODE_SIGN_IDENTITY[sdk=iphoneos*]" = "iPhone Developer";
				COPY_PHASE_STRIP = NO;
				DEBUG_INFORMATION_FORMAT = "dwarf-with-dsym";
				ENABLE_STRICT_OBJC_MSGSEND = YES;
				GCC_C_LANGUAGE_STANDARD = gnu99;
				GCC_DYNAMIC_NO_PIC = NO;
				GCC_NO_COMMON_BLOCKS = YES;
				GCC_OPTIMIZATION_LEVEL = 0;
				GCC_PREPROCESSOR_DEFINITIONS = (
					"DEBUG=1",
					"$(inherited)",
				);
				GCC_SYMBOLS_PRIVATE_EXTERN = NO;
				GCC_WARN_64_TO_32_BIT_CONVERSION = YES;
				GCC_WARN_ABOUT_RETURN_TYPE = YES_ERROR;
				GCC_WARN_UNDECLARED_SELECTOR = YES;
				GCC_WARN_UNINITIALIZED_AUTOS = YES_AGGRESSIVE;
				GCC_WARN_UNUSED_FUNCTION = YES;
				GCC_WARN_UNUSED_VARIABLE = YES;
				IPHONEOS_DEPLOYMENT_TARGET = 8.3;
				MTL_ENABLE_DEBUG_INFO = YES;
				ONLY_ACTIVE_ARCH = YES;
				SDKROOT = iphoneos;
				SWIFT_OPTIMIZATION_LEVEL = "-Onone";
				TARGETED_DEVICE_FAMILY = "1,2";
			};
			name = Debug;
		};
		6166DFFF1B1903DA00C059FC /* Release */ = {
			isa = XCBuildConfiguration;
			buildSettings = {
				ALWAYS_SEARCH_USER_PATHS = NO;
				CLANG_CXX_LANGUAGE_STANDARD = "gnu++0x";
				CLANG_CXX_LIBRARY = "libc++";
				CLANG_ENABLE_MODULES = YES;
				CLANG_ENABLE_OBJC_ARC = YES;
				CLANG_WARN_BOOL_CONVERSION = YES;
				CLANG_WARN_CONSTANT_CONVERSION = YES;
				CLANG_WARN_DIRECT_OBJC_ISA_USAGE = YES_ERROR;
				CLANG_WARN_EMPTY_BODY = YES;
				CLANG_WARN_ENUM_CONVERSION = YES;
				CLANG_WARN_INT_CONVERSION = YES;
				CLANG_WARN_OBJC_ROOT_CLASS = YES_ERROR;
				CLANG_WARN_UNREACHABLE_CODE = YES;
				CLANG_WARN__DUPLICATE_METHOD_MATCH = YES;
				"CODE_SIGN_IDENTITY[sdk=iphoneos*]" = "iPhone Developer";
				COPY_PHASE_STRIP = NO;
				DEBUG_INFORMATION_FORMAT = "dwarf-with-dsym";
				ENABLE_NS_ASSERTIONS = NO;
				ENABLE_STRICT_OBJC_MSGSEND = YES;
				GCC_C_LANGUAGE_STANDARD = gnu99;
				GCC_NO_COMMON_BLOCKS = YES;
				GCC_WARN_64_TO_32_BIT_CONVERSION = YES;
				GCC_WARN_ABOUT_RETURN_TYPE = YES_ERROR;
				GCC_WARN_UNDECLARED_SELECTOR = YES;
				GCC_WARN_UNINITIALIZED_AUTOS = YES_AGGRESSIVE;
				GCC_WARN_UNUSED_FUNCTION = YES;
				GCC_WARN_UNUSED_VARIABLE = YES;
				IPHONEOS_DEPLOYMENT_TARGET = 8.3;
				MTL_ENABLE_DEBUG_INFO = NO;
				SDKROOT = iphoneos;
				TARGETED_DEVICE_FAMILY = "1,2";
				VALIDATE_PRODUCT = YES;
			};
			name = Release;
		};
		6166E0011B1903DA00C059FC /* Debug */ = {
			isa = XCBuildConfiguration;
			buildSettings = {
				ASSETCATALOG_COMPILER_APPICON_NAME = AppIcon;
				INFOPLIST_FILE = AdaptiveLayout/Info.plist;
				LD_RUNPATH_SEARCH_PATHS = "$(inherited) @executable_path/Frameworks";
				PRODUCT_NAME = "$(TARGET_NAME)";
			};
			name = Debug;
		};
		6166E0021B1903DA00C059FC /* Release */ = {
			isa = XCBuildConfiguration;
			buildSettings = {
				ASSETCATALOG_COMPILER_APPICON_NAME = AppIcon;
				INFOPLIST_FILE = AdaptiveLayout/Info.plist;
				LD_RUNPATH_SEARCH_PATHS = "$(inherited) @executable_path/Frameworks";
				PRODUCT_NAME = "$(TARGET_NAME)";
			};
			name = Release;
		};
		6166E0041B1903DA00C059FC /* Debug */ = {
			isa = XCBuildConfiguration;
			buildSettings = {
				BUNDLE_LOADER = "$(TEST_HOST)";
				FRAMEWORK_SEARCH_PATHS = (
					"$(SDKROOT)/Developer/Library/Frameworks",
					"$(inherited)",
				);
				GCC_PREPROCESSOR_DEFINITIONS = (
					"DEBUG=1",
					"$(inherited)",
				);
				INFOPLIST_FILE = AdaptiveLayoutTests/Info.plist;
				LD_RUNPATH_SEARCH_PATHS = "$(inherited) @executable_path/Frameworks @loader_path/Frameworks";
				PRODUCT_NAME = "$(TARGET_NAME)";
				TEST_HOST = "$(BUILT_PRODUCTS_DIR)/AdaptiveLayout.app/AdaptiveLayout";
			};
			name = Debug;
		};
		6166E0051B1903DA00C059FC /* Release */ = {
			isa = XCBuildConfiguration;
			buildSettings = {
				BUNDLE_LOADER = "$(TEST_HOST)";
				FRAMEWORK_SEARCH_PATHS = (
					"$(SDKROOT)/Developer/Library/Frameworks",
					"$(inherited)",
				);
				INFOPLIST_FILE = AdaptiveLayoutTests/Info.plist;
				LD_RUNPATH_SEARCH_PATHS = "$(inherited) @executable_path/Frameworks @loader_path/Frameworks";
				PRODUCT_NAME = "$(TARGET_NAME)";
				TEST_HOST = "$(BUILT_PRODUCTS_DIR)/AdaptiveLayout.app/AdaptiveLayout";
			};
			name = Release;
		};
/* End XCBuildConfiguration section */

/* Begin XCConfigurationList section */
		6166DFD91B1903DA00C059FC /* Build configuration list for PBXProject "AdaptiveLayout" */ = {
			isa = XCConfigurationList;
			buildConfigurations = (
				6166DFFE1B1903DA00C059FC /* Debug */,
				6166DFFF1B1903DA00C059FC /* Release */,
			);
			defaultConfigurationIsVisible = 0;
			defaultConfigurationName = Release;
		};
		6166E0001B1903DA00C059FC /* Build configuration list for PBXNativeTarget "AdaptiveLayout" */ = {
			isa = XCConfigurationList;
			buildConfigurations = (
				6166E0011B1903DA00C059FC /* Debug */,
				6166E0021B1903DA00C059FC /* Release */,
			);
			defaultConfigurationIsVisible = 0;
		};
		6166E0031B1903DA00C059FC /* Build configuration list for PBXNativeTarget "AdaptiveLayoutTests" */ = {
			isa = XCConfigurationList;
			buildConfigurations = (
				6166E0041B1903DA00C059FC /* Debug */,
				6166E0051B1903DA00C059FC /* Release */,
			);
			defaultConfigurationIsVisible = 0;
		};
/* End XCConfigurationList section */

/* Begin XCVersionGroup section */
		6166DFE51B1903DA00C059FC /* AdaptiveLayout.xcdatamodeld */ = {
			isa = XCVersionGroup;
			children = (
				6166DFE61B1903DA00C059FC /* AdaptiveLayout.xcdatamodel */,
			);
			currentVersion = 6166DFE61B1903DA00C059FC /* AdaptiveLayout.xcdatamodel */;
			path = AdaptiveLayout.xcdatamodeld;
			sourceTree = "<group>";
			versionGroupType = wrapper.xcdatamodel;
		};
/* End XCVersionGroup section */
	};
	rootObject = 6166DFD61B1903DA00C059FC /* Project object */;
}
